
Microsoft Visual Studio Solution File, Format Version 12.00
# Visual Studio Version 16
VisualStudioVersion = 16.0.32510.428
MinimumVisualStudioVersion = 10.0.40219.1
Project("{FAE04EC0-301F-11D3-BF4B-00C04F79EFBC}") = "Dictionary_ExtMethods", "Dictionary_ExtMethods\Dictionary_ExtMethods.csproj", "{DEEE313F-5D67-4BD3-9A80-445784B47405}"
EndProject
Global
	GlobalSection(SolutionConfigurationPlatforms) = preSolution
		Debug|Any CPU = Debug|Any CPU
		Release|Any CPU = Release|Any CPU
	EndGlobalSection
	GlobalSection(ProjectConfigurationPlatforms) = postSolution
		{DEEE313F-5D67-4BD3-9A80-445784B47405}.Debug|Any CPU.ActiveCfg = Debug|Any CPU
		{DEEE313F-5D67-4BD3-9A80-445784B47405}.Debug|Any CPU.Build.0 = Debug|Any CPU
		{DEEE313F-5D67-4BD3-9A80-445784B47405}.Release|Any CPU.ActiveCfg = Release|Any CPU
		{DEEE313F-5D67-4BD3-9A80-445784B47405}.Release|Any CPU.Build.0 = Release|Any CPU
	EndGlobalSection
	GlobalSection(SolutionProperties) = preSolution
		HideSolutionNode = FALSE
	EndGlobalSection
	GlobalSection(ExtensibilityGlobals) = postSolution
		SolutionGuid = {9A8872E3-3C1D-4CF6-AEB4-1D5B39CA10D5}
	EndGlobalSection
EndGlobal
